
Microsoft Visual Studio Solution File, Format Version 12.00
# Visual Studio Version 17
VisualStudioVersion = 17.14.36221.1 d17.14
MinimumVisualStudioVersion = 10.0.40219.1
Project("{FAE04EC0-301F-11D3-BF4B-00C04F79EFBC}") = "TryParse", "TryParse\TryParse.csproj", "{3DF65D37-D6C4-453C-90EE-DE64CC5A81FF}"
EndProject
Global
	GlobalSection(SolutionConfigurationPlatforms) = preSolution
		Debug|Any CPU = Debug|Any CPU
		Release|Any CPU = Release|Any CPU
	EndGlobalSection
	GlobalSection(ProjectConfigurationPlatforms) = postSolution
		{3DF65D37-D6C4-453C-90EE-DE64CC5A81FF}.Debug|Any CPU.ActiveCfg = Debug|Any CPU
		{3DF65D37-D6C4-453C-90EE-DE64CC5A81FF}.Debug|Any CPU.Build.0 = Debug|Any CPU
		{3DF65D37-D6C4-453C-90EE-DE64CC5A81FF}.Release|Any CPU.ActiveCfg = Release|Any CPU
		{3DF65D37-D6C4-453C-90EE-DE64CC5A81FF}.Release|Any CPU.Build.0 = Release|Any CPU
	EndGlobalSection
	GlobalSection(SolutionProperties) = preSolution
		HideSolutionNode = FALSE
	EndGlobalSection
	GlobalSection(ExtensibilityGlobals) = postSolution
		SolutionGuid = {CADE8B46-5210-4436-9D4D-5CC75D49FBDD}
	EndGlobalSection
EndGlobal
