
Microsoft Visual Studio Solution File, Format Version 12.00
# Visual Studio Version 17
VisualStudioVersion = 17.14.36221.1 d17.14
MinimumVisualStudioVersion = 10.0.40219.1
Project("{FAE04EC0-301F-11D3-BF4B-00C04F79EFBC}") = "loops", "loops\loops.csproj", "{BE12FFAD-7C52-412F-AC90-01A1EF103BE5}"
EndProject
Global
	GlobalSection(SolutionConfigurationPlatforms) = preSolution
		Debug|Any CPU = Debug|Any CPU
		Release|Any CPU = Release|Any CPU
	EndGlobalSection
	GlobalSection(ProjectConfigurationPlatforms) = postSolution
		{BE12FFAD-7C52-412F-AC90-01A1EF103BE5}.Debug|Any CPU.ActiveCfg = Debug|Any CPU
		{BE12FFAD-7C52-412F-AC90-01A1EF103BE5}.Debug|Any CPU.Build.0 = Debug|Any CPU
		{BE12FFAD-7C52-412F-AC90-01A1EF103BE5}.Release|Any CPU.ActiveCfg = Release|Any CPU
		{BE12FFAD-7C52-412F-AC90-01A1EF103BE5}.Release|Any CPU.Build.0 = Release|Any CPU
	EndGlobalSection
	GlobalSection(SolutionProperties) = preSolution
		HideSolutionNode = FALSE
	EndGlobalSection
	GlobalSection(ExtensibilityGlobals) = postSolution
		SolutionGuid = {329CCDF0-572C-48DC-8FB0-B02A2B675765}
	EndGlobalSection
EndGlobal
