
Microsoft Visual Studio Solution File, Format Version 12.00
# Visual Studio Version 17
VisualStudioVersion = 17.14.36301.6 d17.14
MinimumVisualStudioVersion = 10.0.40219.1
Project("{FAE04EC0-301F-11D3-BF4B-00C04F79EFBC}") = "Ex-PasswordChecker", "Ex-PasswordChecker\Ex-PasswordChecker.csproj", "{53CDD2F5-BB56-4973-8DE7-67A31DD3418F}"
EndProject
Global
	GlobalSection(SolutionConfigurationPlatforms) = preSolution
		Debug|Any CPU = Debug|Any CPU
		Release|Any CPU = Release|Any CPU
	EndGlobalSection
	GlobalSection(ProjectConfigurationPlatforms) = postSolution
		{53CDD2F5-BB56-4973-8DE7-67A31DD3418F}.Debug|Any CPU.ActiveCfg = Debug|Any CPU
		{53CDD2F5-BB56-4973-8DE7-67A31DD3418F}.Debug|Any CPU.Build.0 = Debug|Any CPU
		{53CDD2F5-BB56-4973-8DE7-67A31DD3418F}.Release|Any CPU.ActiveCfg = Release|Any CPU
		{53CDD2F5-BB56-4973-8DE7-67A31DD3418F}.Release|Any CPU.Build.0 = Release|Any CPU
	EndGlobalSection
	GlobalSection(SolutionProperties) = preSolution
		HideSolutionNode = FALSE
	EndGlobalSection
	GlobalSection(ExtensibilityGlobals) = postSolution
		SolutionGuid = {3051DC8A-91B6-46AB-9BF1-FC2F7392413B}
	EndGlobalSection
EndGlobal
