
Microsoft Visual Studio Solution File, Format Version 12.00
# Visual Studio Version 17
VisualStudioVersion = 17.14.36221.1 d17.14
MinimumVisualStudioVersion = 10.0.40219.1
Project("{FAE04EC0-301F-11D3-BF4B-00C04F79EFBC}") = "Ex-Odd-Even checker", "Ex-Odd-Even checker\Ex-Odd-Even checker.csproj", "{2F3BED40-C8E4-4A8A-9A84-C81A748062CB}"
EndProject
Global
	GlobalSection(SolutionConfigurationPlatforms) = preSolution
		Debug|Any CPU = Debug|Any CPU
		Release|Any CPU = Release|Any CPU
	EndGlobalSection
	GlobalSection(ProjectConfigurationPlatforms) = postSolution
		{2F3BED40-C8E4-4A8A-9A84-C81A748062CB}.Debug|Any CPU.ActiveCfg = Debug|Any CPU
		{2F3BED40-C8E4-4A8A-9A84-C81A748062CB}.Debug|Any CPU.Build.0 = Debug|Any CPU
		{2F3BED40-C8E4-4A8A-9A84-C81A748062CB}.Release|Any CPU.ActiveCfg = Release|Any CPU
		{2F3BED40-C8E4-4A8A-9A84-C81A748062CB}.Release|Any CPU.Build.0 = Release|Any CPU
	EndGlobalSection
	GlobalSection(SolutionProperties) = preSolution
		HideSolutionNode = FALSE
	EndGlobalSection
	GlobalSection(ExtensibilityGlobals) = postSolution
		SolutionGuid = {37CE6864-DF5E-43CF-BEC6-29CD685C2F3B}
	EndGlobalSection
EndGlobal
