
Microsoft Visual Studio Solution File, Format Version 12.00
# Visual Studio Version 17
VisualStudioVersion = 17.14.36221.1 d17.14
MinimumVisualStudioVersion = 10.0.40219.1
Project("{FAE04EC0-301F-11D3-BF4B-00C04F79EFBC}") = "ConditionalOperator-NumericFormatting", "ConditionalOperator-NumericFormatting\ConditionalOperator-NumericFormatting.csproj", "{D01A1F06-53D5-4DB5-A7D2-9795921BAD53}"
EndProject
Global
	GlobalSection(SolutionConfigurationPlatforms) = preSolution
		Debug|Any CPU = Debug|Any CPU
		Release|Any CPU = Release|Any CPU
	EndGlobalSection
	GlobalSection(ProjectConfigurationPlatforms) = postSolution
		{D01A1F06-53D5-4DB5-A7D2-9795921BAD53}.Debug|Any CPU.ActiveCfg = Debug|Any CPU
		{D01A1F06-53D5-4DB5-A7D2-9795921BAD53}.Debug|Any CPU.Build.0 = Debug|Any CPU
		{D01A1F06-53D5-4DB5-A7D2-9795921BAD53}.Release|Any CPU.ActiveCfg = Release|Any CPU
		{D01A1F06-53D5-4DB5-A7D2-9795921BAD53}.Release|Any CPU.Build.0 = Release|Any CPU
	EndGlobalSection
	GlobalSection(SolutionProperties) = preSolution
		HideSolutionNode = FALSE
	EndGlobalSection
	GlobalSection(ExtensibilityGlobals) = postSolution
		SolutionGuid = {048790BA-B999-4F94-AF4E-342070C193D9}
	EndGlobalSection
EndGlobal
